schema: '2.0'
stages:
  data_ingestion:
    cmd: python src/components/data_ingestion.py
    deps:
    - path: artifacts/scraped_data/cars24_scraped_data.csv
      hash: md5
      md5: 77c0accabec769cadca43e2b9de58ff1
      size: 5187150
    - path: src/components/data_ingestion.py
      hash: md5
      md5: 6a57824a105b1e7c2ecdf5ad74f345d3
      size: 3190
    outs:
    - path: artifacts/data_ingestion/raw/cars24_scraped_data.csv
      hash: md5
      md5: 1b6fa30b199ae1a829f8a1b21d2f4333
      size: 98105
    - path: artifacts/data_ingestion/test/test.csv
      hash: md5
      md5: 82c1cb30cc216f143f28caa043f279c9
      size: 19035
    - path: artifacts/data_ingestion/train/train.csv
      hash: md5
      md5: 52c01f7b88d4272afb386deaa74963f1
      size: 75996
  data_transformation:
    cmd: python src/components/data_transformation.py
    deps:
    - path: artifacts/data_ingestion/test/test.csv
      hash: md5
      md5: 82c1cb30cc216f143f28caa043f279c9
      size: 19035
    - path: artifacts/data_ingestion/train/train.csv
      hash: md5
      md5: 52c01f7b88d4272afb386deaa74963f1
      size: 75996
    - path: src/components/data_transformation.py
      hash: md5
      md5: 0c198f51153c911b888c0c231ed2dff2
      size: 8463
    outs:
    - path: artifacts/transformed_data/test/test.csv
      hash: md5
      md5: c7bc993b145bf324f93d657430bba73c
      size: 4056
    - path: artifacts/transformed_data/train/train.csv
      hash: md5
      md5: d779b056ce2f22bb50808d65fcf1a764
      size: 15361
  model_training:
    cmd: python src/components/model_trainer.py
    deps:
    - path: artifacts/preprocessor/preprocessor.pkl
      hash: md5
      md5: 894edc057f3b673b580f571249ba75b6
      size: 11048
    - path: artifacts/preprocessor/selected_features.pkl
      hash: md5
      md5: 4755e06bf59a44e818930cc25dd89b63
      size: 436
    - path: artifacts/transformed_data/test/test.csv
      hash: md5
      md5: c7bc993b145bf324f93d657430bba73c
      size: 4056
    - path: artifacts/transformed_data/train/train.csv
      hash: md5
      md5: d779b056ce2f22bb50808d65fcf1a764
      size: 15361
    - path: src/components/model_trainer.py
      hash: md5
      md5: c1f8e59282a24d30b43cc4e99636652b
      size: 4261
    params:
      params.yaml:
        model_training.model_alpha: 0.1
    outs:
    - path: artifacts/model/model.pkl
      hash: md5
      md5: b0068fc5ed627d35e70113ffa9e5b57e
      size: 1839
    - path: artifacts/model/model_info.json
      hash: md5
      md5: 6a967ec95fb21ed53c13367ab36c860d
      size: 69
  register_model:
    cmd: python src/components/register_model.py
    deps:
    - path: artifacts/model/model_info.json
      hash: md5
      md5: 6a967ec95fb21ed53c13367ab36c860d
      size: 69
    - path: src/components/register_model.py
      hash: md5
      md5: 58361a9e6edb2675c16a7144d5a76019
      size: 1821
