schema: '2.0'
stages:
  data_ingestion:
    cmd: python src/components/data_ingestion.py
    deps:
    - path: artifacts/scraped_data/cars24_scraped_data.csv
      hash: md5
      md5: 77c0accabec769cadca43e2b9de58ff1
      size: 5187150
    - path: src/components/data_ingestion.py
      hash: md5
      md5: 55973513bb82841156f9ba62ad8d024b
      size: 3068
    outs:
    - path: artifacts/data_ingestion/raw/cars24_scraped_data.csv
      hash: md5
      md5: 6ab966a35b1ad85ea70c6ef48085cf6d
      size: 62786
    - path: artifacts/data_ingestion/test/test.csv
      hash: md5
      md5: 604231c36b625093069c3afd7816dd94
      size: 12349
    - path: artifacts/data_ingestion/train/train.csv
      hash: md5
      md5: 515e7f1a78867bb10cdc15138cf2bd6e
      size: 48456
  data_transformation:
    cmd: python src/components/data_transformation.py
    deps:
    - path: artifacts/data_ingestion/test/test.csv
      hash: md5
      md5: 604231c36b625093069c3afd7816dd94
      size: 12349
    - path: artifacts/data_ingestion/train/train.csv
      hash: md5
      md5: 515e7f1a78867bb10cdc15138cf2bd6e
      size: 48456
    - path: src/components/data_transformation.py
      hash: md5
      md5: ebadf6cda9ca111a735e02effa04e9c8
      size: 7110
    outs:
    - path: artifacts/transformed_data/test/test.csv
      hash: md5
      md5: a39f8c9af9cb14100d8c9de2fefb17fd
      size: 31803
    - path: artifacts/transformed_data/train/train.csv
      hash: md5
      md5: 1d09f654244ccc828a4e7c622b4647f1
      size: 112771
  model_training:
    cmd: python src/components/model_trainer.py
    deps:
    - path: artifacts/transformed_data/test/test.csv
      hash: md5
      md5: a39f8c9af9cb14100d8c9de2fefb17fd
      size: 31803
    - path: artifacts/transformed_data/train/train.csv
      hash: md5
      md5: 1d09f654244ccc828a4e7c622b4647f1
      size: 112771
    - path: src/components/model_trainer.py
      hash: md5
      md5: eabc0ff1db39be0b627fc56aaaee2287
      size: 3172
    params:
      params.yaml:
        model_training.model_alpha: 0.5
    outs:
    - path: artifacts/model/model.pkl
      hash: md5
      md5: 475f8be27806167a63f2b79db77e7945
      size: 16857
    - path: artifacts/model/model_info.json
      hash: md5
      md5: 2d4740f0e57e18771adf2df93a0aa102
      size: 69
  register_model:
    cmd: python src/components/register_model.py
    deps:
    - path: artifacts/model/model_info.json
      hash: md5
      md5: 2d4740f0e57e18771adf2df93a0aa102
      size: 69
    - path: src/components/register_model.py
      hash: md5
      md5: 58361a9e6edb2675c16a7144d5a76019
      size: 1821
